
Microsoft Visual Studio Solution File, Format Version 12.00
# Visual Studio 15
VisualStudioVersion = 15.0.28010.2048
MinimumVisualStudioVersion = 10.0.40219.1
Project("{FAE04EC0-301F-11D3-BF4B-00C04F79EFBC}") = "sudokuGUI", "sudokuGUI\sudokuGUI.csproj", "{4634DAC3-7A2B-4CD4-B852-B1A231E46B15}"
EndProject
Global
	GlobalSection(SolutionConfigurationPlatforms) = preSolution
		Debug|Any CPU = Debug|Any CPU
		Release|Any CPU = Release|Any CPU
	EndGlobalSection
	GlobalSection(ProjectConfigurationPlatforms) = postSolution
		{4634DAC3-7A2B-4CD4-B852-B1A231E46B15}.Debug|Any CPU.ActiveCfg = Debug|Any CPU
		{4634DAC3-7A2B-4CD4-B852-B1A231E46B15}.Debug|Any CPU.Build.0 = Debug|Any CPU
		{4634DAC3-7A2B-4CD4-B852-B1A231E46B15}.Release|Any CPU.ActiveCfg = Release|Any CPU
		{4634DAC3-7A2B-4CD4-B852-B1A231E46B15}.Release|Any CPU.Build.0 = Release|Any CPU
	EndGlobalSection
	GlobalSection(SolutionProperties) = preSolution
		HideSolutionNode = FALSE
	EndGlobalSection
	GlobalSection(ExtensibilityGlobals) = postSolution
		SolutionGuid = {EF607890-785E-4DDC-8405-8F93B2ED4516}
	EndGlobalSection
EndGlobal
